
Microsoft Visual Studio Solution File, Format Version 12.00
# Visual Studio Version 17
VisualStudioVersion = 17.3.32922.545
MinimumVisualStudioVersion = 10.0.40219.1
Project("{FAE04EC0-301F-11D3-BF4B-00C04F79EFBC}") = "Robot_oM", "..\..\Robot_oM\Robot_oM.csproj", "{0DD05698-6A33-4092-BFAD-FF702685FEAF}"
EndProject
Project("{FAE04EC0-301F-11D3-BF4B-00C04F79EFBC}") = "Robot_Engine", "..\..\Robot_Engine\Robot_Engine.csproj", "{45D542CD-79B5-485A-BA39-0163230431F0}"
EndProject
Project("{FAE04EC0-301F-11D3-BF4B-00C04F79EFBC}") = "Robot_Adapter", "..\..\Robot_Adapter\Robot_Adapter.csproj", "{A4FE6182-A985-44E0-A5BF-3E54C6EA30BF}"
EndProject
Project("{9A19103F-16F7-4668-BE54-9A1E7A4F7556}") = "Robot_Adapter_Tests", "Robot_Adapter_Tests\Robot_Adapter_Tests.csproj", "{6489E3BF-D8F5-4D32-94DF-AAD929C2C2D3}"
EndProject
Global
	GlobalSection(SolutionConfigurationPlatforms) = preSolution
		Debug|Any CPU = Debug|Any CPU
		Release|Any CPU = Release|Any CPU
		Test|Any CPU = Test|Any CPU
	EndGlobalSection
	GlobalSection(ProjectConfigurationPlatforms) = postSolution
		{0DD05698-6A33-4092-BFAD-FF702685FEAF}.Debug|Any CPU.ActiveCfg = Debug|Any CPU
		{0DD05698-6A33-4092-BFAD-FF702685FEAF}.Debug|Any CPU.Build.0 = Debug|Any CPU
		{0DD05698-6A33-4092-BFAD-FF702685FEAF}.Release|Any CPU.ActiveCfg = Release|Any CPU
		{0DD05698-6A33-4092-BFAD-FF702685FEAF}.Release|Any CPU.Build.0 = Release|Any CPU
		{0DD05698-6A33-4092-BFAD-FF702685FEAF}.Test|Any CPU.ActiveCfg = Test|Any CPU
		{0DD05698-6A33-4092-BFAD-FF702685FEAF}.Test|Any CPU.Build.0 = Test|Any CPU
		{45D542CD-79B5-485A-BA39-0163230431F0}.Debug|Any CPU.ActiveCfg = Debug|Any CPU
		{45D542CD-79B5-485A-BA39-0163230431F0}.Debug|Any CPU.Build.0 = Debug|Any CPU
		{45D542CD-79B5-485A-BA39-0163230431F0}.Release|Any CPU.ActiveCfg = Release|Any CPU
		{45D542CD-79B5-485A-BA39-0163230431F0}.Release|Any CPU.Build.0 = Release|Any CPU
		{45D542CD-79B5-485A-BA39-0163230431F0}.Test|Any CPU.ActiveCfg = Test|Any CPU
		{45D542CD-79B5-485A-BA39-0163230431F0}.Test|Any CPU.Build.0 = Test|Any CPU
		{A4FE6182-A985-44E0-A5BF-3E54C6EA30BF}.Debug|Any CPU.ActiveCfg = Debug|Any CPU
		{A4FE6182-A985-44E0-A5BF-3E54C6EA30BF}.Debug|Any CPU.Build.0 = Debug|Any CPU
		{A4FE6182-A985-44E0-A5BF-3E54C6EA30BF}.Release|Any CPU.ActiveCfg = Release|Any CPU
		{A4FE6182-A985-44E0-A5BF-3E54C6EA30BF}.Release|Any CPU.Build.0 = Release|Any CPU
		{A4FE6182-A985-44E0-A5BF-3E54C6EA30BF}.Test|Any CPU.ActiveCfg = Test|Any CPU
		{A4FE6182-A985-44E0-A5BF-3E54C6EA30BF}.Test|Any CPU.Build.0 = Test|Any CPU
		{6489E3BF-D8F5-4D32-94DF-AAD929C2C2D3}.Debug|Any CPU.ActiveCfg = Debug|Any CPU
		{6489E3BF-D8F5-4D32-94DF-AAD929C2C2D3}.Debug|Any CPU.Build.0 = Debug|Any CPU
		{6489E3BF-D8F5-4D32-94DF-AAD929C2C2D3}.Release|Any CPU.ActiveCfg = Release|Any CPU
		{6489E3BF-D8F5-4D32-94DF-AAD929C2C2D3}.Release|Any CPU.Build.0 = Release|Any CPU
		{6489E3BF-D8F5-4D32-94DF-AAD929C2C2D3}.Test|Any CPU.ActiveCfg = Test|Any CPU
		{6489E3BF-D8F5-4D32-94DF-AAD929C2C2D3}.Test|Any CPU.Build.0 = Test|Any CPU
	EndGlobalSection
	GlobalSection(SolutionProperties) = preSolution
		HideSolutionNode = FALSE
	EndGlobalSection
	GlobalSection(ExtensibilityGlobals) = postSolution
		SolutionGuid = {763D45C4-AF11-4244-B502-01ADEC9953BC}
	EndGlobalSection
EndGlobal
